
Microsoft Visual Studio Solution File, Format Version 12.00
# Visual Studio 2013
VisualStudioVersion = 12.0.21005.1
MinimumVisualStudioVersion = 10.0.40219.1
Project("{FAE04EC0-301F-11D3-BF4B-00C04F79EFBC}") = "MessengerServiceLib", "MessengerServiceLib\MessengerServiceLib.csproj", "{C8B1E45C-D7AA-42B0-B5E6-1C54C1D82635}"
EndProject
Project("{FAE04EC0-301F-11D3-BF4B-00C04F79EFBC}") = "MessengerServiceHost", "MessengerServiceHost\MessengerServiceHost.csproj", "{0BDEA47F-4A2E-49C9-B750-108B29F0710D}"
EndProject
Project("{FAE04EC0-301F-11D3-BF4B-00C04F79EFBC}") = "MessengerServerLib", "MessengerServerLib\MessengerServerLib.csproj", "{E8C7B31F-9EB4-4864-A852-14D5CDDCA032}"
EndProject
Global
	GlobalSection(SolutionConfigurationPlatforms) = preSolution
		Debug|Any CPU = Debug|Any CPU
		Release|Any CPU = Release|Any CPU
	EndGlobalSection
	GlobalSection(ProjectConfigurationPlatforms) = postSolution
		{C8B1E45C-D7AA-42B0-B5E6-1C54C1D82635}.Debug|Any CPU.ActiveCfg = Debug|Any CPU
		{C8B1E45C-D7AA-42B0-B5E6-1C54C1D82635}.Debug|Any CPU.Build.0 = Debug|Any CPU
		{C8B1E45C-D7AA-42B0-B5E6-1C54C1D82635}.Release|Any CPU.ActiveCfg = Release|Any CPU
		{C8B1E45C-D7AA-42B0-B5E6-1C54C1D82635}.Release|Any CPU.Build.0 = Release|Any CPU
		{0BDEA47F-4A2E-49C9-B750-108B29F0710D}.Debug|Any CPU.ActiveCfg = Debug|Any CPU
		{0BDEA47F-4A2E-49C9-B750-108B29F0710D}.Debug|Any CPU.Build.0 = Debug|Any CPU
		{0BDEA47F-4A2E-49C9-B750-108B29F0710D}.Release|Any CPU.ActiveCfg = Release|Any CPU
		{0BDEA47F-4A2E-49C9-B750-108B29F0710D}.Release|Any CPU.Build.0 = Release|Any CPU
		{E8C7B31F-9EB4-4864-A852-14D5CDDCA032}.Debug|Any CPU.ActiveCfg = Debug|Any CPU
		{E8C7B31F-9EB4-4864-A852-14D5CDDCA032}.Debug|Any CPU.Build.0 = Debug|Any CPU
		{E8C7B31F-9EB4-4864-A852-14D5CDDCA032}.Release|Any CPU.ActiveCfg = Release|Any CPU
		{E8C7B31F-9EB4-4864-A852-14D5CDDCA032}.Release|Any CPU.Build.0 = Release|Any CPU
	EndGlobalSection
	GlobalSection(SolutionProperties) = preSolution
		HideSolutionNode = FALSE
	EndGlobalSection
EndGlobal
